<?xml version="1.0" encoding="utf-8"?>
<Project ToolsVersion="4.0" xmlns="http://schemas.microsoft.com/developer/msbuild/2003">
  <ItemGroup>
    <Filter Include="Resource Files">
      <UniqueIdentifier>{67DA6AB6-F800-4c08-8B7A-83BB121AAD01}</UniqueIdentifier>
      <Extensions>rc;ico;cur;bmp;dlg;rc2;rct;bin;rgs;gif;jpg;jpeg;jpe;resx;tiff;tif;png;wav;mfcribbon-ms</Extensions>
    </Filter>
    <Filter Include="Elcarim">
      <UniqueIdentifier>{006e9a33-c06e-4f8c-a7ec-617163b4e708}</UniqueIdentifier>
      <Extensions>h;hh;hpp;hxx;hm;inl;inc;ipp;xsd;cpp;c;cc;cxx;def;odl;idl;hpj;bat;asm;asmx</Extensions>
    </Filter>
    <Filter Include="Elcarim\Util">
      <UniqueIdentifier>{63423842-1ee8-41a5-81e0-36db3d15852e}</UniqueIdentifier>
    </Filter>
    <Filter Include="Elcarim\Input">
      <UniqueIdentifier>{ecfaee70-319f-40cd-b751-b96b9017ab04}</UniqueIdentifier>
    </Filter>
    <Filter Include="Resource Files\images">
      <UniqueIdentifier>{d906dcda-26df-4f40-964c-d0c95211013a}</UniqueIdentifier>
      <Extensions>png;ico</Extensions>
    </Filter>
    <Filter Include="Resource Files\images\window_icons">
      <UniqueIdentifier>{d777728d-7045-42c5-b55f-81f273d21c9d}</UniqueIdentifier>
    </Filter>
    <Filter Include="Resource Files\images\executable_icons">
      <UniqueIdentifier>{ae0c85b6-1423-40a6-99b5-b07320fe7360}</UniqueIdentifier>
    </Filter>
    <Filter Include="Elcarim\Graphics">
      <UniqueIdentifier>{19c17839-b4b5-4909-816d-0f627389aeb0}</UniqueIdentifier>
    </Filter>
    <Filter Include="Elcarim\External">
      <UniqueIdentifier>{776c92e2-7392-4b1e-9293-5034f914a5d0}</UniqueIdentifier>
    </Filter>
    <Filter Include="Elcarim\Graphics\Shading">
      <UniqueIdentifier>{4f831996-3424-42e4-8859-852d524eaa98}</UniqueIdentifier>
    </Filter>
    <Filter Include="Resource Files\shaders">
      <UniqueIdentifier>{ebcfe1c3-7e02-4ee9-980c-e799a4ab5cde}</UniqueIdentifier>
      <Extensions>vert;frag;geom;comp;glsl</Extensions>
    </Filter>
    <Filter Include="Resource Files\images\textures">
      <UniqueIdentifier>{9eb4be76-9d72-4b94-a4aa-4e0e01075b68}</UniqueIdentifier>
    </Filter>
    <Filter Include="Elcarim\Timing">
      <UniqueIdentifier>{6cbc6561-e6d2-455b-9cd8-8bf3ef085ee2}</UniqueIdentifier>
    </Filter>
    <Filter Include="Elcarim\Scene">
      <UniqueIdentifier>{26d22bf9-52bf-40e7-bfde-69f54523455a}</UniqueIdentifier>
    </Filter>
    <Filter Include="Elcarim\Scene\Scenes">
      <UniqueIdentifier>{605c44b9-6781-41e7-9e0c-0b59d644fd63}</UniqueIdentifier>
    </Filter>
    <Filter Include="Elcarim\Graphics\Shading\Shaders">
      <UniqueIdentifier>{4bfcc021-0c7c-4482-bb13-c8851e63e093}</UniqueIdentifier>
    </Filter>
    <Filter Include="Elcarim\Objects">
      <UniqueIdentifier>{85431a49-e058-4b26-8ce7-7e04e15e74db}</UniqueIdentifier>
    </Filter>
    <Filter Include="Elcarim\Objects\Components">
      <UniqueIdentifier>{f2d9f4f7-a86d-4662-b29d-f1d7ece0cc32}</UniqueIdentifier>
    </Filter>
    <Filter Include="Elcarim\Input\Devices">
      <UniqueIdentifier>{27efa6a7-5641-404f-9039-86d052eb1b51}</UniqueIdentifier>
    </Filter>
  </ItemGroup>
  <ItemGroup>
    <ClCompile Include="src\Game.cpp">
      <Filter>Elcarim</Filter>
    </ClCompile>
    <ClCompile Include="src\Laucher.cpp">
      <Filter>Elcarim</Filter>
    </ClCompile>
    <ClCompile Include="src\Window.cpp">
      <Filter>Elcarim</Filter>
    </ClCompile>
    <ClCompile Include="src\ResourceLoader.cpp">
      <Filter>Elcarim\Util</Filter>
    </ClCompile>
    <ClCompile Include="src\Gamepad.cpp">
      <Filter>Elcarim\Input\Devices</Filter>
    </ClCompile>
    <ClCompile Include="src\Keyboard.cpp">
      <Filter>Elcarim\Input\Devices</Filter>
    </ClCompile>
    <ClCompile Include="src\Mouse.cpp">
      <Filter>Elcarim\Input\Devices</Filter>
    </ClCompile>
    <ClCompile Include="src\Renderer.cpp">
      <Filter>Elcarim\Graphics</Filter>
    </ClCompile>
    <ClCompile Include="src\external\glad.c">
      <Filter>Elcarim\External</Filter>
    </ClCompile>
    <ClCompile Include="src\Model.cpp">
      <Filter>Elcarim\Graphics</Filter>
    </ClCompile>
    <ClCompile Include="src\ShaderProgram.cpp">
      <Filter>Elcarim\Graphics\Shading</Filter>
    </ClCompile>
    <ClCompile Include="src\ErrorHandler.cpp">
      <Filter>Elcarim</Filter>
    </ClCompile>
    <ClCompile Include="src\Models.cpp">
      <Filter>Elcarim\Util</Filter>
    </ClCompile>
    <ClCompile Include="src\Texture.cpp">
      <Filter>Elcarim\Graphics</Filter>
    </ClCompile>
    <ClCompile Include="src\GameObject.cpp">
      <Filter>Elcarim\Objects</Filter>
    </ClCompile>
    <ClCompile Include="src\Component.cpp">
      <Filter>Elcarim\Objects\Components</Filter>
    </ClCompile>
    <ClCompile Include="src\TransformationComponent.cpp">
      <Filter>Elcarim\Objects\Components</Filter>
    </ClCompile>
    <ClCompile Include="src\TexturedModelComponent.cpp">
      <Filter>Elcarim\Objects\Components</Filter>
    </ClCompile>
    <ClCompile Include="src\Timer.cpp">
      <Filter>Elcarim\Timing</Filter>
    </ClCompile>
    <ClCompile Include="src\DeltaTimer.cpp">
      <Filter>Elcarim\Timing</Filter>
    </ClCompile>
    <ClCompile Include="src\Scene.cpp">
      <Filter>Elcarim\Scene</Filter>
    </ClCompile>
    <ClCompile Include="src\GameScene.cpp">
      <Filter>Elcarim\Scene\Scenes</Filter>
    </ClCompile>
    <ClCompile Include="src\SceneManager.cpp">
      <Filter>Elcarim\Scene</Filter>
    </ClCompile>
    <ClCompile Include="src\Controls.cpp">
      <Filter>Elcarim\Input</Filter>
    </ClCompile>
    <ClCompile Include="src\GameControls.cpp">
      <Filter>Elcarim\Input</Filter>
    </ClCompile>
    <ClCompile Include="src\Shader.cpp">
      <Filter>Elcarim\Graphics\Shading\Shaders</Filter>
    </ClCompile>
    <ClCompile Include="src\Background.cpp">
      <Filter>Elcarim\Objects</Filter>
    </ClCompile>
    <ClCompile Include="src\Camera.cpp">
      <Filter>Elcarim\Objects</Filter>
    </ClCompile>
    <ClCompile Include="src\Niam.cpp">
      <Filter>Elcarim\Objects</Filter>
    </ClCompile>
    <ClCompile Include="src\Color3.cpp">
      <Filter>Elcarim\Graphics</Filter>
    </ClCompile>
    <ClCompile Include="src\Color4.cpp">
      <Filter>Elcarim\Graphics</Filter>
    </ClCompile>
  </ItemGroup>
  <ItemGroup>
    <ClInclude Include="src\Game.hpp">
      <Filter>Elcarim</Filter>
    </ClInclude>
    <ClInclude Include="src\Window.hpp">
      <Filter>Elcarim</Filter>
    </ClInclude>
    <ClInclude Include="src\ResourceLoader.hpp">
      <Filter>Elcarim\Util</Filter>
    </ClInclude>
    <ClInclude Include="src\Gamepad.hpp">
      <Filter>Elcarim\Input\Devices</Filter>
    </ClInclude>
    <ClInclude Include="src\Keyboard.hpp">
      <Filter>Elcarim\Input\Devices</Filter>
    </ClInclude>
    <ClInclude Include="src\Mouse.hpp">
      <Filter>Elcarim\Input\Devices</Filter>
    </ClInclude>
    <ClInclude Include="resource.h">
      <Filter>Resource Files</Filter>
    </ClInclude>
    <ClInclude Include="src\Renderer.hpp">
      <Filter>Elcarim\Graphics</Filter>
    </ClInclude>
    <ClInclude Include="src\Model.hpp">
      <Filter>Elcarim\Graphics</Filter>
    </ClInclude>
    <ClInclude Include="src\ShaderProgram.hpp">
      <Filter>Elcarim\Graphics\Shading</Filter>
    </ClInclude>
    <ClInclude Include="src\ErrorHandler.hpp">
      <Filter>Elcarim</Filter>
    </ClInclude>
    <ClInclude Include="src\Models.hpp">
      <Filter>Elcarim\Util</Filter>
    </ClInclude>
    <ClInclude Include="src\Texture.hpp">
      <Filter>Elcarim\Graphics</Filter>
    </ClInclude>
    <ClInclude Include="src\GameObject.hpp">
      <Filter>Elcarim\Objects</Filter>
    </ClInclude>
    <ClInclude Include="src\Component.hpp">
      <Filter>Elcarim\Objects\Components</Filter>
    </ClInclude>
    <ClInclude Include="src\TransformationComponent.hpp">
      <Filter>Elcarim\Objects\Components</Filter>
    </ClInclude>
    <ClInclude Include="src\TexturedModelComponent.hpp">
      <Filter>Elcarim\Objects\Components</Filter>
    </ClInclude>
    <ClInclude Include="src\Timer.hpp">
      <Filter>Elcarim\Timing</Filter>
    </ClInclude>
    <ClInclude Include="src\DeltaTimer.hpp">
      <Filter>Elcarim\Timing</Filter>
    </ClInclude>
    <ClInclude Include="src\Scene.hpp">
      <Filter>Elcarim\Scene</Filter>
    </ClInclude>
    <ClInclude Include="src\GameScene.hpp">
      <Filter>Elcarim\Scene\Scenes</Filter>
    </ClInclude>
    <ClInclude Include="src\SceneManager.hpp">
      <Filter>Elcarim\Scene</Filter>
    </ClInclude>
    <ClInclude Include="src\Controls.hpp">
      <Filter>Elcarim\Input</Filter>
    </ClInclude>
    <ClInclude Include="src\GameControls.hpp">
      <Filter>Elcarim\Input</Filter>
    </ClInclude>
    <ClInclude Include="src\Shader.hpp">
      <Filter>Elcarim\Graphics\Shading\Shaders</Filter>
    </ClInclude>
    <ClInclude Include="src\Background.hpp">
      <Filter>Elcarim\Objects</Filter>
    </ClInclude>
    <ClInclude Include="src\Camera.hpp">
      <Filter>Elcarim\Objects</Filter>
    </ClInclude>
    <ClInclude Include="src\Niam.hpp">
      <Filter>Elcarim\Objects</Filter>
    </ClInclude>
    <ClInclude Include="src\Color3.hpp">
      <Filter>Elcarim\Graphics</Filter>
    </ClInclude>
    <ClInclude Include="src\Color.hpp">
      <Filter>Elcarim\Graphics</Filter>
    </ClInclude>
    <ClInclude Include="src\Color4.hpp">
      <Filter>Elcarim\Graphics</Filter>
    </ClInclude>
  </ItemGroup>
  <ItemGroup>
    <Image Include="assets\images\textures\niam.png">
      <Filter>Resource Files\images\textures</Filter>
    </Image>
    <Image Include="assets\images\textures\background.png">
      <Filter>Resource Files\images\textures</Filter>
    </Image>
    <Image Include="assets\images\window_icons\icon_16x16.png">
      <Filter>Resource Files\images\window_icons</Filter>
    </Image>
    <Image Include="assets\images\window_icons\icon_32x32.png">
      <Filter>Resource Files\images\window_icons</Filter>
    </Image>
    <Image Include="assets\images\window_icons\icon_48x48.png">
      <Filter>Resource Files\images\window_icons</Filter>
    </Image>
    <Image Include="assets\images\executable_icons\icon_16x16.ico">
      <Filter>Resource Files\images\executable_icons</Filter>
    </Image>
    <Image Include="assets\images\executable_icons\icon_32x32.ico">
      <Filter>Resource Files\images\executable_icons</Filter>
    </Image>
    <Image Include="assets\images\executable_icons\icon_48x48.ico">
      <Filter>Resource Files\images\executable_icons</Filter>
    </Image>
  </ItemGroup>
  <ItemGroup>
    <ResourceCompile Include="Elcarim.rc">
      <Filter>Resource Files</Filter>
    </ResourceCompile>
  </ItemGroup>
  <ItemGroup>
    <None Include="packages.config" />
    <None Include="assets\shaders\Shader.frag">
      <Filter>Resource Files\shaders</Filter>
    </None>
    <None Include="assets\shaders\Shader.vert">
      <Filter>Resource Files\shaders</Filter>
    </None>
  </ItemGroup>
</Project>