<?xml version="1.0" encoding="utf-8"?>
<Project ToolsVersion="4.0" xmlns="http://schemas.microsoft.com/developer/msbuild/2003">
  <ItemGroup>
    <Filter Include="Resource Files">
      <UniqueIdentifier>{67DA6AB6-F800-4c08-8B7A-83BB121AAD01}</UniqueIdentifier>
      <Extensions>rc;ico;cur;bmp;dlg;rc2;rct;bin;rgs;gif;jpg;jpeg;jpe;resx;tiff;tif;png;wav;mfcribbon-ms</Extensions>
    </Filter>
    <Filter Include="Elcarim">
      <UniqueIdentifier>{006e9a33-c06e-4f8c-a7ec-617163b4e708}</UniqueIdentifier>
      <Extensions>h;hh;hpp;hxx;hm;inl;inc;ipp;xsd;cpp;c;cc;cxx;def;odl;idl;hpj;bat;asm;asmx</Extensions>
    </Filter>
    <Filter Include="Elcarim\Util">
      <UniqueIdentifier>{63423842-1ee8-41a5-81e0-36db3d15852e}</UniqueIdentifier>
    </Filter>
    <Filter Include="Elcarim\Input">
      <UniqueIdentifier>{ecfaee70-319f-40cd-b751-b96b9017ab04}</UniqueIdentifier>
    </Filter>
    <Filter Include="Elcarim\Input\Device">
      <UniqueIdentifier>{27efa6a7-5641-404f-9039-86d052eb1b51}</UniqueIdentifier>
    </Filter>
    <Filter Include="Resource Files\images">
      <UniqueIdentifier>{d906dcda-26df-4f40-964c-d0c95211013a}</UniqueIdentifier>
    </Filter>
    <Filter Include="Resource Files\images\window_icons">
      <UniqueIdentifier>{d777728d-7045-42c5-b55f-81f273d21c9d}</UniqueIdentifier>
    </Filter>
    <Filter Include="Resource Files\images\executable_icons">
      <UniqueIdentifier>{ae0c85b6-1423-40a6-99b5-b07320fe7360}</UniqueIdentifier>
    </Filter>
    <Filter Include="Elcarim\Graphics">
      <UniqueIdentifier>{19c17839-b4b5-4909-816d-0f627389aeb0}</UniqueIdentifier>
    </Filter>
    <Filter Include="Elcarim\External">
      <UniqueIdentifier>{776c92e2-7392-4b1e-9293-5034f914a5d0}</UniqueIdentifier>
    </Filter>
  </ItemGroup>
  <ItemGroup>
    <ClCompile Include="src\Game.cpp">
      <Filter>Elcarim</Filter>
    </ClCompile>
    <ClCompile Include="src\Laucher.cpp">
      <Filter>Elcarim</Filter>
    </ClCompile>
    <ClCompile Include="src\Window.cpp">
      <Filter>Elcarim</Filter>
    </ClCompile>
    <ClCompile Include="src\ResourceLoader.cpp">
      <Filter>Elcarim\Util</Filter>
    </ClCompile>
    <ClCompile Include="src\Gamepad.cpp">
      <Filter>Elcarim\Input\Device</Filter>
    </ClCompile>
    <ClCompile Include="src\Keyboard.cpp">
      <Filter>Elcarim\Input\Device</Filter>
    </ClCompile>
    <ClCompile Include="src\Mouse.cpp">
      <Filter>Elcarim\Input\Device</Filter>
    </ClCompile>
    <ClCompile Include="src\ErrorHandler.cpp">
      <Filter>Elcarim\Util</Filter>
    </ClCompile>
    <ClCompile Include="src\Renderer.cpp">
      <Filter>Elcarim\Graphics</Filter>
    </ClCompile>
    <ClCompile Include="src\external\glad.c">
      <Filter>Elcarim\External</Filter>
    </ClCompile>
    <ClCompile Include="src\Model.cpp">
      <Filter>Elcarim\Graphics</Filter>
    </ClCompile>
  </ItemGroup>
  <ItemGroup>
    <ClInclude Include="src\Game.hpp">
      <Filter>Elcarim</Filter>
    </ClInclude>
    <ClInclude Include="src\Window.hpp">
      <Filter>Elcarim</Filter>
    </ClInclude>
    <ClInclude Include="src\ResourceLoader.hpp">
      <Filter>Elcarim\Util</Filter>
    </ClInclude>
    <ClInclude Include="src\Gamepad.hpp">
      <Filter>Elcarim\Input\Device</Filter>
    </ClInclude>
    <ClInclude Include="src\Keyboard.hpp">
      <Filter>Elcarim\Input\Device</Filter>
    </ClInclude>
    <ClInclude Include="src\Mouse.hpp">
      <Filter>Elcarim\Input\Device</Filter>
    </ClInclude>
    <ClInclude Include="src\ErrorHandler.hpp">
      <Filter>Elcarim\Util</Filter>
    </ClInclude>
    <ClInclude Include="resource.h">
      <Filter>Resource Files</Filter>
    </ClInclude>
    <ClInclude Include="src\Renderer.hpp">
      <Filter>Elcarim\Graphics</Filter>
    </ClInclude>
    <ClInclude Include="src\Model.hpp">
      <Filter>Elcarim\Graphics</Filter>
    </ClInclude>
  </ItemGroup>
  <ItemGroup>
    <Image Include="assets\images\window_icons\ball_16x16.png">
      <Filter>Resource Files\images\window_icons</Filter>
    </Image>
    <Image Include="assets\images\window_icons\ball_32x32.png">
      <Filter>Resource Files\images\window_icons</Filter>
    </Image>
    <Image Include="assets\images\window_icons\ball_48x48.png">
      <Filter>Resource Files\images\window_icons</Filter>
    </Image>
    <Image Include="assets\images\executable_icons\ball_48x48.ico">
      <Filter>Resource Files\images\executable_icons</Filter>
    </Image>
    <Image Include="assets\images\executable_icons\ball_16x16.ico">
      <Filter>Resource Files\images\executable_icons</Filter>
    </Image>
    <Image Include="assets\images\executable_icons\ball_32x32.ico">
      <Filter>Resource Files\images\executable_icons</Filter>
    </Image>
  </ItemGroup>
  <ItemGroup>
    <ResourceCompile Include="Elcarim.rc">
      <Filter>Resource Files</Filter>
    </ResourceCompile>
  </ItemGroup>
  <ItemGroup>
    <None Include="packages.config" />
  </ItemGroup>
</Project>